<?xml version="1.0" encoding="utf-8"?>
<Project ToolsVersion="4.0" xmlns="http://schemas.microsoft.com/developer/msbuild/2003">
  <ItemGroup>
    <Filter Include="Library">
      <UniqueIdentifier>{d5173dcf-2786-4f98-bd55-d03549637dfe}</UniqueIdentifier>
    </Filter>
    <Filter Include="Src">
      <UniqueIdentifier>{80d0a5a9-6779-4863-bede-cc22a4986dc5}</UniqueIdentifier>
    </Filter>
    <Filter Include="Src\Framework">
      <UniqueIdentifier>{f5928314-3ee2-4e39-abfa-d93aa9ee5891}</UniqueIdentifier>
    </Filter>
    <Filter Include="Src\Framework\Direct3D">
      <UniqueIdentifier>{f193abd5-e51c-466e-a937-722bc9175e9a}</UniqueIdentifier>
    </Filter>
    <Filter Include="Src\Framework\Utility">
      <UniqueIdentifier>{f5d733b1-5031-4659-a9d4-0dd3add1e5fb}</UniqueIdentifier>
    </Filter>
    <Filter Include="Src\Framework\Window">
      <UniqueIdentifier>{cb022f2a-c5a2-449b-9b70-5110aff8550f}</UniqueIdentifier>
    </Filter>
    <Filter Include="Library\tinygltf">
      <UniqueIdentifier>{307bfbcd-124f-4ad7-85f5-3fd94f814b1f}</UniqueIdentifier>
    </Filter>
    <Filter Include="Src\Framework\Shader">
      <UniqueIdentifier>{93543c0c-58fe-4a94-8279-7be3021b65b1}</UniqueIdentifier>
    </Filter>
    <Filter Include="Src\Framework\Shader\SpriteShader">
      <UniqueIdentifier>{2da4d471-f4e8-4b2d-bdef-b93f91523b8b}</UniqueIdentifier>
    </Filter>
    <Filter Include="Src\Application">
      <UniqueIdentifier>{d0d0f9cf-dabd-4346-bc9a-d9c04cf42372}</UniqueIdentifier>
    </Filter>
    <Filter Include="Src\Framework\Math">
      <UniqueIdentifier>{04f33e76-24f0-4a58-9355-5770b3f6f9c6}</UniqueIdentifier>
    </Filter>
    <Filter Include="Src\Framework\Audio">
      <UniqueIdentifier>{2a0de30f-d7e8-4517-a9a1-20de6e434592}</UniqueIdentifier>
    </Filter>
    <Filter Include="Src\Framework\Shader\PostProcessShader">
      <UniqueIdentifier>{bfef98c3-f0b2-41b1-b813-6f298072287b}</UniqueIdentifier>
    </Filter>
    <Filter Include="Src\Framework\GameObject">
      <UniqueIdentifier>{d45ba257-913b-44e3-a012-888d7b6f2b68}</UniqueIdentifier>
    </Filter>
    <Filter Include="Src\Framework\Input">
      <UniqueIdentifier>{9bd33b87-53db-4bc0-b98d-80db98f4ba9b}</UniqueIdentifier>
    </Filter>
    <Filter Include="Src\Framework\Direct3D\Polygon">
      <UniqueIdentifier>{b91bce2d-4487-485a-a855-b2bb6ce0d30b}</UniqueIdentifier>
    </Filter>
    <Filter Include="Src\Framework\Shader\StandardShader">
      <UniqueIdentifier>{857913be-4481-4606-9719-87518d4a6aeb}</UniqueIdentifier>
    </Filter>
    <Filter Include="Src\Framework\Effekseer">
      <UniqueIdentifier>{c81b93e4-2f33-496a-985e-98658f1cec51}</UniqueIdentifier>
    </Filter>
    <Filter Include="Library\imgui">
      <UniqueIdentifier>{9e2b992a-9c34-450b-a4cf-c4749feebcc6}</UniqueIdentifier>
    </Filter>
    <Filter Include="Src\Application\GameObject">
      <UniqueIdentifier>{9858b20c-c4cb-4133-9eda-b28c74235aa7}</UniqueIdentifier>
    </Filter>
    <Filter Include="Src\Application\GameObject\Camera">
      <UniqueIdentifier>{837cb603-8bef-438b-9814-1f88afc4f616}</UniqueIdentifier>
    </Filter>
    <Filter Include="Src\Application\GameObject\Camera\TPSCamera">
      <UniqueIdentifier>{5245e095-1870-4dc4-955f-3b7ccbd2ddaa}</UniqueIdentifier>
    </Filter>
    <Filter Include="Src\Application\GameObject\Camera\FPSCamera">
      <UniqueIdentifier>{d0d23d7d-5e27-4301-b41e-72bedc1202bc}</UniqueIdentifier>
    </Filter>
    <Filter Include="Src\Framework\RegisterObject">
      <UniqueIdentifier>{fe917327-d2f4-465f-b2ef-ad69671ef908}</UniqueIdentifier>
    </Filter>
    <Filter Include="Src\Framework\Json">
      <UniqueIdentifier>{2efb35e7-5792-43d9-9aca-f51d3d4076bd}</UniqueIdentifier>
    </Filter>
    <Filter Include="Src\Framework\ImGuiManager">
      <UniqueIdentifier>{3cecc1d9-10ab-40ac-800d-799e54011217}</UniqueIdentifier>
    </Filter>
    <Filter Include="Src\Application\GameObject\SkySphere">
      <UniqueIdentifier>{0ba4043a-65dd-4987-9e59-1fa53fe229e3}</UniqueIdentifier>
    </Filter>
    <Filter Include="Src\Application\GameObject\HUD">
      <UniqueIdentifier>{d12fd14d-8dc5-485c-933f-da047cc3281e}</UniqueIdentifier>
    </Filter>
    <Filter Include="Src\Application\GameObject\HUD\NormalUI">
      <UniqueIdentifier>{5cc4f29e-f853-4b4f-bd06-bdc9a4a6b296}</UniqueIdentifier>
    </Filter>
    <Filter Include="Src\Application\GameObject\Map">
      <UniqueIdentifier>{2e11be86-5321-4125-9a2c-a96d03b3aa0b}</UniqueIdentifier>
    </Filter>
    <Filter Include="Src\MyFramework">
      <UniqueIdentifier>{dc4c8524-46ee-47ae-a750-daea36100a2f}</UniqueIdentifier>
    </Filter>
    <Filter Include="Src\MyFramework\Manager">
      <UniqueIdentifier>{78667a11-c1fa-4099-91e6-548842cd84d3}</UniqueIdentifier>
    </Filter>
    <Filter Include="Src\Application\GameObject\Character">
      <UniqueIdentifier>{25ed2d0a-2c8c-45f6-add7-447f17fe4783}</UniqueIdentifier>
    </Filter>
    <Filter Include="Src\Application\GameObject\Character\Player">
      <UniqueIdentifier>{049c6f6c-17fe-4e63-841d-174adb8bc797}</UniqueIdentifier>
    </Filter>
    <Filter Include="Src\Application\GameObject\Weapon">
      <UniqueIdentifier>{8fcb7635-df4d-4884-9a74-5118c6dad539}</UniqueIdentifier>
    </Filter>
    <Filter Include="Src\Application\GameObject\Weapon\Katana">
      <UniqueIdentifier>{95a40f35-61cf-4a0e-a64c-c157a1b41705}</UniqueIdentifier>
    </Filter>
    <Filter Include="Src\Application\GameObject\Utility">
      <UniqueIdentifier>{d73ea3c3-885e-48e6-ac48-0a0a6b8aab01}</UniqueIdentifier>
    </Filter>
    <Filter Include="Src\Application\Scene">
      <UniqueIdentifier>{4d2ab234-f9f8-4d65-8770-a559283a7cb6}</UniqueIdentifier>
    </Filter>
    <Filter Include="Src\Application\Scene\BaseScene">
      <UniqueIdentifier>{00ac5e5d-1015-406e-a8db-649e83a3f93d}</UniqueIdentifier>
    </Filter>
    <Filter Include="Src\Application\Scene\GameScene">
      <UniqueIdentifier>{ec8d74aa-71c1-43a1-80fb-e5fb0be65922}</UniqueIdentifier>
    </Filter>
    <Filter Include="Src\Application\Scene\TitleScene">
      <UniqueIdentifier>{79ee70a1-187a-4dd1-8140-bdd9d69d2a00}</UniqueIdentifier>
    </Filter>
    <Filter Include="Src\MyFramework\State">
      <UniqueIdentifier>{aa7fcf7f-8de3-47f2-b735-35c4a8d228b7}</UniqueIdentifier>
    </Filter>
    <Filter Include="Src\MyFramework\State\StateBase">
      <UniqueIdentifier>{4137b03a-e627-4f0d-8eba-8c6d00af50ca}</UniqueIdentifier>
    </Filter>
    <Filter Include="Src\MyFramework\State\StateManager">
      <UniqueIdentifier>{e526b26d-2baf-4794-afca-5fb5c583a186}</UniqueIdentifier>
    </Filter>
    <Filter Include="Src\Application\GameObject\Character\Player\State">
      <UniqueIdentifier>{1cd19184-ee19-44b7-be0d-6ddb404adcf9}</UniqueIdentifier>
    </Filter>
    <Filter Include="Src\Application\GameObject\Character\Player\State\PlayerState_Idle">
      <UniqueIdentifier>{db560bc2-bbf7-4b9d-9bce-4e2238cbfc73}</UniqueIdentifier>
    </Filter>
    <Filter Include="Src\Application\GameObject\Character\Player\State\PlayerState_Run">
      <UniqueIdentifier>{324d331c-5567-4c7f-b182-41c4d1405302}</UniqueIdentifier>
    </Filter>
    <Filter Include="Src\Application\GameObject\Camera\PlayerCamera">
      <UniqueIdentifier>{e3d2c73d-a38e-455a-9646-97e7d4a449cb}</UniqueIdentifier>
    </Filter>
    <Filter Include="Src\Application\GameObject\Character\Player\State\PlayerState_Attack">
      <UniqueIdentifier>{3b166324-03ae-4787-8c16-39e458eadddf}</UniqueIdentifier>
    </Filter>
    <Filter Include="Src\Application\GameObject\Character\Player\State\PlayerState_Attack1">
      <UniqueIdentifier>{325f0f44-f5f5-496c-b6f8-37cd8589507f}</UniqueIdentifier>
    </Filter>
    <Filter Include="Src\Application\GameObject\Character\Player\State\PlayerState_Attack2">
      <UniqueIdentifier>{9d332d6f-b02f-4a7a-a761-c9fcb3b741ab}</UniqueIdentifier>
    </Filter>
    <Filter Include="Src\Application\GameObject\Character\Enemy">
      <UniqueIdentifier>{1bc54b83-466c-46e1-985b-1198dd537aff}</UniqueIdentifier>
    </Filter>
    <Filter Include="Src\Application\GameObject\Character\Enemy\EnemyState">
      <UniqueIdentifier>{f8859f0e-6a0c-4aeb-a901-35a705ee7dbe}</UniqueIdentifier>
    </Filter>
    <Filter Include="Src\Application\GameObject\Character\Enemy\EnemyState\EnemyState_Idle">
      <UniqueIdentifier>{885fb9fc-6972-4db1-99a2-7a9a428fbf36}</UniqueIdentifier>
    </Filter>
    <Filter Include="Src\Application\GameObject\Character\Enemy\EnemyState\EnemyState_Run">
      <UniqueIdentifier>{5a1d9140-24ea-41bc-857b-985ca6a811c2}</UniqueIdentifier>
    </Filter>
    <Filter Include="Src\Application\GameObject\Character\Enemy\EnemyState\EnemyState_Attack">
      <UniqueIdentifier>{c4684d08-58df-454e-8031-f79511d87077}</UniqueIdentifier>
    </Filter>
    <Filter Include="Src\Application\GameObject\Character\Enemy\EnemyState\EnemyState_Attack1">
      <UniqueIdentifier>{fa981701-a6af-4246-ae90-163495cf7847}</UniqueIdentifier>
    </Filter>
    <Filter Include="Src\Application\GameObject\Character\Enemy\EnemyState\EnemyState_Attack2">
      <UniqueIdentifier>{4eef2391-179b-4f67-abce-f736af089c8c}</UniqueIdentifier>
    </Filter>
    <Filter Include="Src\Application\GameObject\HUD\AlpfaMoving">
      <UniqueIdentifier>{afdd8912-e1a0-46ab-8c52-2335a72a5f83}</UniqueIdentifier>
    </Filter>
    <Filter Include="Src\Application\GameObject\Character\Player\State\PlayerState_ChargeAttack">
      <UniqueIdentifier>{ee914cbf-0f9d-4e4e-8dea-00441697583b}</UniqueIdentifier>
    </Filter>
    <Filter Include="Src\Application\GameObject\Character\Player\State\PlayerState_BackWordAvoid">
      <UniqueIdentifier>{732548b6-5c25-4155-8fe7-06844cb41e02}</UniqueIdentifier>
    </Filter>
    <Filter Include="Src\Application\GameObject\Character\Player\State\PlayerState_FowardAvoid">
      <UniqueIdentifier>{9a24f795-5465-4cbb-b8c2-2ee2f1ad9067}</UniqueIdentifier>
    </Filter>
    <Filter Include="Src\Application\GameObject\HUD\ScaleMoving">
      <UniqueIdentifier>{1cde9a39-cb43-4e47-ab92-eaadbcf4bea8}</UniqueIdentifier>
    </Filter>
    <Filter Include="Src\Application\GameObject\HUD\Scoring">
      <UniqueIdentifier>{3796293c-e14d-413e-9f8a-b0d9cc57625b}</UniqueIdentifier>
    </Filter>
    <Filter Include="Src\Application\GameObject\HUD\HpBar">
      <UniqueIdentifier>{bf5cba98-830e-4927-a7a5-1e59290d7b8e}</UniqueIdentifier>
    </Filter>
    <Filter Include="Src\Application\GameObject\HUD\Timer">
      <UniqueIdentifier>{7db9a1bd-3000-4be4-b383-b9eb864ba4c0}</UniqueIdentifier>
    </Filter>
    <Filter Include="Src\Application\GameObject\HUD\Number">
      <UniqueIdentifier>{bd98edcf-c2ac-47d7-8562-f604732961f9}</UniqueIdentifier>
    </Filter>
    <Filter Include="Src\Application\GameObject\HUD\NowHp">
      <UniqueIdentifier>{a388cffc-764a-4f2b-ae71-cb51af467809}</UniqueIdentifier>
    </Filter>
    <Filter Include="Src\Application\GameObject\HUD\SpecialMove">
      <UniqueIdentifier>{e59524b7-917c-45fc-943b-c782905dfd33}</UniqueIdentifier>
    </Filter>
    <Filter Include="Src\Application\GameObject\Winner">
      <UniqueIdentifier>{9db1bb98-277b-45f8-8fce-1bc39c49a5a7}</UniqueIdentifier>
    </Filter>
    <Filter Include="Src\Application\Scene\Result">
      <UniqueIdentifier>{ccad56d0-0a76-4a85-9e63-63d0a1a3fbd4}</UniqueIdentifier>
    </Filter>
  </ItemGroup>
  <ItemGroup>
    <ClInclude Include="src\Pch.h">
      <Filter>Src</Filter>
    </ClInclude>
    <ClInclude Include="..\Library\tinygltf\json.hpp">
      <Filter>Library\tinygltf</Filter>
    </ClInclude>
    <ClInclude Include="..\Library\tinygltf\stb_image.h">
      <Filter>Library\tinygltf</Filter>
    </ClInclude>
    <ClInclude Include="..\Library\tinygltf\stb_image_write.h">
      <Filter>Library\tinygltf</Filter>
    </ClInclude>
    <ClInclude Include="..\Library\tinygltf\tiny_gltf.h">
      <Filter>Library\tinygltf</Filter>
    </ClInclude>
    <ClInclude Include="Src\Application\main.h">
      <Filter>Src\Application</Filter>
    </ClInclude>
    <ClInclude Include="src\Framework\Direct3D\KdDirect3D.h">
      <Filter>Src\Framework\Direct3D</Filter>
    </ClInclude>
    <ClInclude Include="src\Framework\Direct3D\KdTexture.h">
      <Filter>Src\Framework\Direct3D</Filter>
    </ClInclude>
    <ClInclude Include="src\Framework\Direct3D\KdBuffer.h">
      <Filter>Src\Framework\Direct3D</Filter>
    </ClInclude>
    <ClInclude Include="Src\Framework\Direct3D\KdGLTFLoader.h">
      <Filter>Src\Framework\Direct3D</Filter>
    </ClInclude>
    <ClInclude Include="Src\Framework\Shader\KdShaderManager.h">
      <Filter>Src\Framework\Shader</Filter>
    </ClInclude>
    <ClInclude Include="Src\Framework\Shader\SpriteShader\KdSpriteShader.h">
      <Filter>Src\Framework\Shader\SpriteShader</Filter>
    </ClInclude>
    <ClInclude Include="src\Framework\Utility\KdUtility.h">
      <Filter>Src\Framework\Utility</Filter>
    </ClInclude>
    <ClInclude Include="src\Framework\KdFramework.h">
      <Filter>Src\Framework</Filter>
    </ClInclude>
    <ClInclude Include="..\Library\strconv.h">
      <Filter>Library</Filter>
    </ClInclude>
    <ClInclude Include="src\Framework\Window\KdWindow.h">
      <Filter>Src\Framework\Window</Filter>
    </ClInclude>
    <ClInclude Include="src\Framework\Direct3D\KdMesh.h">
      <Filter>Src\Framework\Direct3D</Filter>
    </ClInclude>
    <ClInclude Include="Src\Framework\Direct3D\KdModel.h">
      <Filter>Src\Framework\Direct3D</Filter>
    </ClInclude>
    <ClInclude Include="Src\Framework\Math\KdCollision.h">
      <Filter>Src\Framework\Math</Filter>
    </ClInclude>
    <ClInclude Include="Src\Framework\Math\KdAnimation.h">
      <Filter>Src\Framework\Math</Filter>
    </ClInclude>
    <ClInclude Include="Src\Framework\Audio\KdAudio.h">
      <Filter>Src\Framework\Audio</Filter>
    </ClInclude>
    <ClInclude Include="Src\Framework\Direct3D\KdCamera.h">
      <Filter>Src\Framework\Direct3D</Filter>
    </ClInclude>
    <ClInclude Include="Src\Framework\Shader\PostProcessShader\KdPostProcessShader.h">
      <Filter>Src\Framework\Shader\PostProcessShader</Filter>
    </ClInclude>
    <ClInclude Include="Src\Framework\Math\KdCollider.h">
      <Filter>Src\Framework\Math</Filter>
    </ClInclude>
    <ClInclude Include="Src\Framework\Math\KdEasing.h">
      <Filter>Src\Framework\Math</Filter>
    </ClInclude>
    <ClInclude Include="Src\Framework\GameObject\KdGameObject.h">
      <Filter>Src\Framework\GameObject</Filter>
    </ClInclude>
    <ClInclude Include="Src\Framework\GameObject\KdGameObjectFactory.h">
      <Filter>Src\Framework\GameObject</Filter>
    </ClInclude>
    <ClInclude Include="Src\Framework\Input\KdInput.h">
      <Filter>Src\Framework\Input</Filter>
    </ClInclude>
    <ClInclude Include="Src\Framework\Utility\KdCSVData.h">
      <Filter>Src\Framework\Utility</Filter>
    </ClInclude>
    <ClInclude Include="Src\Framework\Direct3D\Polygon\KdPolygon.h">
      <Filter>Src\Framework\Direct3D\Polygon</Filter>
    </ClInclude>
    <ClInclude Include="Src\Framework\Direct3D\Polygon\KdSquarePolygon.h">
      <Filter>Src\Framework\Direct3D\Polygon</Filter>
    </ClInclude>
    <ClInclude Include="Src\Framework\Direct3D\Polygon\KdTrailPolygon.h">
      <Filter>Src\Framework\Direct3D\Polygon</Filter>
    </ClInclude>
    <ClInclude Include="Src\Framework\Direct3D\KdMaterial.h">
      <Filter>Src\Framework\Direct3D</Filter>
    </ClInclude>
    <ClInclude Include="Src\Framework\Utility\KdDataStorage.h">
      <Filter>Src\Framework\Utility</Filter>
    </ClInclude>
    <ClInclude Include="Src\Framework\Shader\KdAmbientController.h">
      <Filter>Src\Framework\Shader</Filter>
    </ClInclude>
    <ClInclude Include="Src\Framework\Math\KdUVAnimation.h">
      <Filter>Src\Framework\Math</Filter>
    </ClInclude>
    <ClInclude Include="Src\Framework\Shader\KdRenderTargetChange.h">
      <Filter>Src\Framework\Shader</Filter>
    </ClInclude>
    <ClInclude Include="Src\Framework\Utility\KdFPSController.h">
      <Filter>Src\Framework\Utility</Filter>
    </ClInclude>
    <ClInclude Include="Src\Framework\Shader\StandardShader\KdStandardShader.h">
      <Filter>Src\Framework\Shader\StandardShader</Filter>
    </ClInclude>
    <ClInclude Include="Src\Framework\Effekseer\KdEffekseerManager.h">
      <Filter>Src\Framework\Effekseer</Filter>
    </ClInclude>
    <ClInclude Include="Src\Framework\Utility\KdRandom.h">
      <Filter>Src\Framework\Utility</Filter>
    </ClInclude>
    <ClInclude Include="..\Library\imgui\imconfig.h">
      <Filter>Library\imgui</Filter>
    </ClInclude>
    <ClInclude Include="..\Library\imgui\imgui.h">
      <Filter>Library\imgui</Filter>
    </ClInclude>
    <ClInclude Include="..\Library\imgui\imgui_impl_dx11.h">
      <Filter>Library\imgui</Filter>
    </ClInclude>
    <ClInclude Include="..\Library\imgui\imgui_impl_win32.h">
      <Filter>Library\imgui</Filter>
    </ClInclude>
    <ClInclude Include="..\Library\imgui\imgui_internal.h">
      <Filter>Library\imgui</Filter>
    </ClInclude>
    <ClInclude Include="..\Library\imgui\imgui_stdlib.h">
      <Filter>Library\imgui</Filter>
    </ClInclude>
    <ClInclude Include="..\Library\imgui\imstb_rectpack.h">
      <Filter>Library\imgui</Filter>
    </ClInclude>
    <ClInclude Include="..\Library\imgui\imstb_textedit.h">
      <Filter>Library\imgui</Filter>
    </ClInclude>
    <ClInclude Include="..\Library\imgui\imstb_truetype.h">
      <Filter>Library\imgui</Filter>
    </ClInclude>
    <ClInclude Include="..\Library\imgui\ja_glyph_ranges.h">
      <Filter>Library\imgui</Filter>
    </ClInclude>
    <ClInclude Include="Src\Application\GameObject\Camera\CameraBase.h">
      <Filter>Src\Application\GameObject\Camera</Filter>
    </ClInclude>
    <ClInclude Include="Src\Application\GameObject\Camera\TPSCamera\TPSCamera.h">
      <Filter>Src\Application\GameObject\Camera\TPSCamera</Filter>
    </ClInclude>
    <ClInclude Include="Src\Application\GameObject\Camera\FPSCamera\FPSCamera.h">
      <Filter>Src\Application\GameObject\Camera\FPSCamera</Filter>
    </ClInclude>
    <ClInclude Include="Src\Application\Scene\SceneManager.h">
      <Filter>Src\Application\Scene</Filter>
    </ClInclude>
    <ClInclude Include="Src\Application\Scene\TitleScene\TitleScene.h">
      <Filter>Src\Application\Scene\TitleScene</Filter>
    </ClInclude>
    <ClInclude Include="Src\Application\Scene\GameScene\GameScene.h">
      <Filter>Src\Application\Scene\GameScene</Filter>
    </ClInclude>
    <ClInclude Include="Src\Application\Scene\BaseScene\BaseScene.h">
      <Filter>Src\Application\Scene\BaseScene</Filter>
    </ClInclude>
    <ClInclude Include="Src\Framework\RegisterObject\RegisterObject.h">
      <Filter>Src\Framework\RegisterObject</Filter>
    </ClInclude>
    <ClInclude Include="Src\Framework\Utility\KdDebugGUI.h">
      <Filter>Src\Framework\Utility</Filter>
    </ClInclude>
    <ClInclude Include="Src\Framework\Json\Json.h">
      <Filter>Src\Framework\Json</Filter>
    </ClInclude>
    <ClInclude Include="Src\Framework\ImGuiManager\ImGuiManager.h">
      <Filter>Src\Framework\ImGuiManager</Filter>
    </ClInclude>
    <ClInclude Include="Src\Application\GameObject\SkySphere\SkySphere.h">
      <Filter>Src\Application\GameObject\SkySphere</Filter>
    </ClInclude>
    <ClInclude Include="Src\Framework\Utility\KdDebugWireFrame.h">
      <Filter>Src\Framework\Utility</Filter>
    </ClInclude>
    <ClInclude Include="Src\Application\GameObject\Map\Map.h">
      <Filter>Src\Application\GameObject\Map</Filter>
    </ClInclude>
    <ClInclude Include="Src\Application\GameObject\Utility\SelectDraw3dModel.h">
      <Filter>Src\Application\GameObject\Utility</Filter>
    </ClInclude>
    <ClInclude Include="Src\Application\GameObject\Utility\SelectDraw3dPolygon.h">
      <Filter>Src\Application\GameObject\Utility</Filter>
    </ClInclude>
    <ClInclude Include="Src\Application\GameObject\Utility\SelectDraw2DTexture.h">
      <Filter>Src\Application\GameObject\Utility</Filter>
    </ClInclude>
    <ClInclude Include="Src\MyFramework\Manager\KeyboardManager.h">
      <Filter>Src\MyFramework\Manager</Filter>
    </ClInclude>
    <ClInclude Include="Src\MyFramework\Manager\XInputManager.h">
      <Filter>Src\MyFramework\Manager</Filter>
    </ClInclude>
    <ClInclude Include="Src\Application\GameObject\Character\Player\Player.h">
      <Filter>Src\Application\GameObject\Character\Player</Filter>
    </ClInclude>
    <ClInclude Include="Src\Application\GameObject\Character\CharacterBase.h">
      <Filter>Src\Application\GameObject\Character</Filter>
    </ClInclude>
    <ClInclude Include="Src\Application\GameObject\Weapon\Katana\Katana.h">
      <Filter>Src\Application\GameObject\Weapon\Katana</Filter>
    </ClInclude>
    <ClInclude Include="Src\Application\GameObject\Weapon\WeaponBase.h">
      <Filter>Src\Application\GameObject\Weapon</Filter>
    </ClInclude>
    <ClInclude Include="Src\MyFramework\State\StateBase\StateBase.h">
      <Filter>Src\MyFramework\State\StateBase</Filter>
    </ClInclude>
    <ClInclude Include="Src\MyFramework\State\StateManager\StateManager.h">
      <Filter>Src\MyFramework\State\StateManager</Filter>
    </ClInclude>
    <ClInclude Include="Src\Application\GameObject\Character\Player\PlayerState\PlayerState.h">
      <Filter>Src\Application\GameObject\Character\Player\State</Filter>
    </ClInclude>
    <ClInclude Include="Src\Application\GameObject\Character\Player\PlayerState\PlayerState_Run\PlayerState_Run.h">
      <Filter>Src\Application\GameObject\Character\Player\State\PlayerState_Run</Filter>
    </ClInclude>
    <ClInclude Include="Src\Application\GameObject\Character\Player\PlayerState\PlayerState_Idle\PlayerState_Idle.h">
      <Filter>Src\Application\GameObject\Character\Player\State\PlayerState_Idle</Filter>
    </ClInclude>
    <ClInclude Include="Src\Application\GameObject\Camera\PlayerCamera\PlayerCamera.h">
      <Filter>Src\Application\GameObject\Camera\PlayerCamera</Filter>
    </ClInclude>
    <ClInclude Include="Src\Application\GameObject\Character\Player\PlayerState\PlayerState_Attack\PlayerState_Attack.h">
      <Filter>Src\Application\GameObject\Character\Player\State\PlayerState_Attack</Filter>
    </ClInclude>
    <ClInclude Include="Src\Application\GameObject\Character\Player\PlayerState\PlayerState_Attack1\PlayerState_Attack1.h">
      <Filter>Src\Application\GameObject\Character\Player\State\PlayerState_Attack1</Filter>
    </ClInclude>
    <ClInclude Include="Src\Application\GameObject\Character\Player\PlayerState\PlayerState_Attack2\PlayerState_Attack2.h">
      <Filter>Src\Application\GameObject\Character\Player\State\PlayerState_Attack2</Filter>
    </ClInclude>
    <ClInclude Include="Src\Application\GameObject\Character\Enemy\Enemy.h">
      <Filter>Src\Application\GameObject\Character\Enemy</Filter>
    </ClInclude>
    <ClInclude Include="Src\Application\GameObject\Character\Enemy\EnemyState\EnemyState_Idle\EnemyState_Idle.h">
      <Filter>Src\Application\GameObject\Character\Enemy\EnemyState\EnemyState_Idle</Filter>
    </ClInclude>
    <ClInclude Include="Src\Application\GameObject\Character\Enemy\EnemyState\EnemyStateBase.h">
      <Filter>Src\Application\GameObject\Character\Enemy\EnemyState</Filter>
    </ClInclude>
    <ClInclude Include="Src\Application\GameObject\Character\Enemy\EnemyState\EnemyState_Run\EnemyState_Run.h">
      <Filter>Src\Application\GameObject\Character\Enemy\EnemyState\EnemyState_Run</Filter>
    </ClInclude>
    <ClInclude Include="Src\Application\GameObject\Character\Enemy\EnemyState\EnemyState_Attack\EnemyState_Attack.h">
      <Filter>Src\Application\GameObject\Character\Enemy\EnemyState\EnemyState_Attack</Filter>
    </ClInclude>
    <ClInclude Include="Src\Application\GameObject\Character\Enemy\EnemyState\EnemyState_Attack1\EnemyState_Attack1.h">
      <Filter>Src\Application\GameObject\Character\Enemy\EnemyState\EnemyState_Attack1</Filter>
    </ClInclude>
    <ClInclude Include="Src\Application\GameObject\Character\Enemy\EnemyState\EnemyState_Attack2\EnemyState_Attack2.h">
      <Filter>Src\Application\GameObject\Character\Enemy\EnemyState\EnemyState_Attack2</Filter>
    </ClInclude>
    <ClInclude Include="Src\Application\GameObject\HUD\AlpfaMoving\AlpfaMoving.h">
      <Filter>Src\Application\GameObject\HUD\AlpfaMoving</Filter>
    </ClInclude>
    <ClInclude Include="Src\Application\GameObject\Character\Player\PlayerConfig.h">
      <Filter>Src\Application\GameObject\Character\Player</Filter>
    </ClInclude>
    <ClInclude Include="Src\Application\GameObject\Character\Player\PlayerState\PlayerState_ChargeAttack\PlayerState_ChargeAttack.h">
      <Filter>Src\Application\GameObject\Character\Player\State\PlayerState_ChargeAttack</Filter>
    </ClInclude>
    <ClInclude Include="Src\Application\GameObject\Character\Player\PlayerState\PlayerState_BackWordAvoid\PlayerState_BackWordAvoid.h">
      <Filter>Src\Application\GameObject\Character\Player\State\PlayerState_BackWordAvoid</Filter>
    </ClInclude>
    <ClInclude Include="Src\Application\GameObject\Character\Player\PlayerState\PlayerState_FowardAvoid\PlayerState_FowardAvoid.h">
      <Filter>Src\Application\GameObject\Character\Player\State\PlayerState_FowardAvoid</Filter>
    </ClInclude>
    <ClInclude Include="Src\Application\GameObject\HUD\ScaleMoving\ScaleMoving.h">
      <Filter>Src\Application\GameObject\HUD\ScaleMoving</Filter>
    </ClInclude>
    <ClInclude Include="Src\Application\GameObject\HUD\Scoring\Scoring.h">
      <Filter>Src\Application\GameObject\HUD\Scoring</Filter>
    </ClInclude>
    <ClInclude Include="Src\Application\GameObject\HUD\NormalUI\NormalUI.h">
      <Filter>Src\Application\GameObject\HUD\NormalUI</Filter>
    </ClInclude>
    <ClInclude Include="Src\Application\GameObject\Utility\Time.h">
      <Filter>Src\Application\GameObject\Utility</Filter>
    </ClInclude>
    <ClInclude Include="Src\Application\GameObject\HUD\Timer\Timer.h">
      <Filter>Src\Application\GameObject\HUD\Timer</Filter>
    </ClInclude>
    <ClInclude Include="Src\Application\GameObject\HUD\HpBar\HpBar.h">
      <Filter>Src\Application\GameObject\HUD\HpBar</Filter>
    </ClInclude>
    <ClInclude Include="Src\Application\GameObject\HUD\Number\NumBer.h">
      <Filter>Src\Application\GameObject\HUD\Number</Filter>
    </ClInclude>
    <ClInclude Include="Src\Application\GameObject\HUD\NowHp\NowHp.h">
      <Filter>Src\Application\GameObject\HUD\NowHp</Filter>
    </ClInclude>
    <ClInclude Include="Src\Application\GameObject\HUD\SpecialMove\SpecialMove.h">
      <Filter>Src\Application\GameObject\HUD\SpecialMove</Filter>
    </ClInclude>
    <ClInclude Include="Src\Application\GameObject\Winner\Winner.h">
      <Filter>Src\Application\GameObject\Winner</Filter>
    </ClInclude>
    <ClInclude Include="Src\Application\Scene\ResultScene\ResultScene.h">
      <Filter>Src\Application\Scene\Result</Filter>
    </ClInclude>
  </ItemGroup>
  <ItemGroup>
    <ClCompile Include="src\Pch.cpp">
      <Filter>Src</Filter>
    </ClCompile>
    <ClCompile Include="Src\Application\main.cpp">
      <Filter>Src\Application</Filter>
    </ClCompile>
    <ClCompile Include="src\Framework\Direct3D\KdDirect3D.cpp">
      <Filter>Src\Framework\Direct3D</Filter>
    </ClCompile>
    <ClCompile Include="src\Framework\Direct3D\KdTexture.cpp">
      <Filter>Src\Framework\Direct3D</Filter>
    </ClCompile>
    <ClCompile Include="src\Framework\Direct3D\KdBuffer.cpp">
      <Filter>Src\Framework\Direct3D</Filter>
    </ClCompile>
    <ClCompile Include="Src\Framework\Direct3D\KdGLTFLoader.cpp">
      <Filter>Src\Framework\Direct3D</Filter>
    </ClCompile>
    <ClCompile Include="Src\Framework\Shader\KdShaderManager.cpp">
      <Filter>Src\Framework\Shader</Filter>
    </ClCompile>
    <ClCompile Include="Src\Framework\Shader\SpriteShader\KdSpriteShader.cpp">
      <Filter>Src\Framework\Shader\SpriteShader</Filter>
    </ClCompile>
    <ClCompile Include="src\Framework\Window\KdWindow.cpp">
      <Filter>Src\Framework\Window</Filter>
    </ClCompile>
    <ClCompile Include="Src\Framework\Utility\KdUtility.cpp">
      <Filter>Src\Framework\Utility</Filter>
    </ClCompile>
    <ClCompile Include="src\Framework\Direct3D\KdMesh.cpp">
      <Filter>Src\Framework\Direct3D</Filter>
    </ClCompile>
    <ClCompile Include="Src\Framework\Direct3D\KdModel.cpp">
      <Filter>Src\Framework\Direct3D</Filter>
    </ClCompile>
    <ClCompile Include="Src\Framework\Math\KdCollision.cpp">
      <Filter>Src\Framework\Math</Filter>
    </ClCompile>
    <ClCompile Include="Src\Framework\Math\KdAnimation.cpp">
      <Filter>Src\Framework\Math</Filter>
    </ClCompile>
    <ClCompile Include="Src\Framework\Audio\KdAudio.cpp">
      <Filter>Src\Framework\Audio</Filter>
    </ClCompile>
    <ClCompile Include="Src\Framework\Direct3D\KdCamera.cpp">
      <Filter>Src\Framework\Direct3D</Filter>
    </ClCompile>
    <ClCompile Include="Src\Framework\Shader\PostProcessShader\KdPostProcessShader.cpp">
      <Filter>Src\Framework\Shader\PostProcessShader</Filter>
    </ClCompile>
    <ClCompile Include="Src\Framework\Math\KdCollider.cpp">
      <Filter>Src\Framework\Math</Filter>
    </ClCompile>
    <ClCompile Include="Src\Framework\Math\KdEasing.cpp">
      <Filter>Src\Framework\Math</Filter>
    </ClCompile>
    <ClCompile Include="Src\Framework\GameObject\KdGameObject.cpp">
      <Filter>Src\Framework\GameObject</Filter>
    </ClCompile>
    <ClCompile Include="Src\Framework\GameObject\KdGameObjectFactory.cpp">
      <Filter>Src\Framework\GameObject</Filter>
    </ClCompile>
    <ClCompile Include="Src\Framework\Input\KdInput.cpp">
      <Filter>Src\Framework\Input</Filter>
    </ClCompile>
    <ClCompile Include="Src\Framework\Utility\KdCSVData.cpp">
      <Filter>Src\Framework\Utility</Filter>
    </ClCompile>
    <ClCompile Include="Src\Framework\Direct3D\Polygon\KdSquarePolygon.cpp">
      <Filter>Src\Framework\Direct3D\Polygon</Filter>
    </ClCompile>
    <ClCompile Include="Src\Framework\Direct3D\Polygon\KdTrailPolygon.cpp">
      <Filter>Src\Framework\Direct3D\Polygon</Filter>
    </ClCompile>
    <ClCompile Include="Src\Framework\Direct3D\KdMaterial.cpp">
      <Filter>Src\Framework\Direct3D</Filter>
    </ClCompile>
    <ClCompile Include="Src\Framework\Direct3D\Polygon\KdPolygon.cpp">
      <Filter>Src\Framework\Direct3D\Polygon</Filter>
    </ClCompile>
    <ClCompile Include="Src\Framework\Shader\KdAmbientController.cpp">
      <Filter>Src\Framework\Shader</Filter>
    </ClCompile>
    <ClCompile Include="Src\Framework\Math\KdUVAnimation.cpp">
      <Filter>Src\Framework\Math</Filter>
    </ClCompile>
    <ClCompile Include="Src\Framework\Shader\KdRenderTargetChange.cpp">
      <Filter>Src\Framework\Shader</Filter>
    </ClCompile>
    <ClCompile Include="Src\Framework\Utility\KdFPSController.cpp">
      <Filter>Src\Framework\Utility</Filter>
    </ClCompile>
    <ClCompile Include="Src\Framework\Shader\StandardShader\KdStandardShader.cpp">
      <Filter>Src\Framework\Shader\StandardShader</Filter>
    </ClCompile>
    <ClCompile Include="Src\Framework\Effekseer\KdEffekseerManager.cpp">
      <Filter>Src\Framework\Effekseer</Filter>
    </ClCompile>
    <ClCompile Include="..\Library\imgui\imgui.cpp">
      <Filter>Library\imgui</Filter>
    </ClCompile>
    <ClCompile Include="..\Library\imgui\imgui_demo.cpp">
      <Filter>Library\imgui</Filter>
    </ClCompile>
    <ClCompile Include="..\Library\imgui\imgui_draw.cpp">
      <Filter>Library\imgui</Filter>
    </ClCompile>
    <ClCompile Include="..\Library\imgui\imgui_impl_dx11.cpp">
      <Filter>Library\imgui</Filter>
    </ClCompile>
    <ClCompile Include="..\Library\imgui\imgui_impl_win32.cpp">
      <Filter>Library\imgui</Filter>
    </ClCompile>
    <ClCompile Include="..\Library\imgui\imgui_stdlib.cpp">
      <Filter>Library\imgui</Filter>
    </ClCompile>
    <ClCompile Include="..\Library\imgui\imgui_tables.cpp">
      <Filter>Library\imgui</Filter>
    </ClCompile>
    <ClCompile Include="..\Library\imgui\imgui_widgets.cpp">
      <Filter>Library\imgui</Filter>
    </ClCompile>
    <ClCompile Include="Src\Application\GameObject\Camera\CameraBase.cpp">
      <Filter>Src\Application\GameObject\Camera</Filter>
    </ClCompile>
    <ClCompile Include="Src\Application\GameObject\Camera\TPSCamera\TPSCamera.cpp">
      <Filter>Src\Application\GameObject\Camera\TPSCamera</Filter>
    </ClCompile>
    <ClCompile Include="Src\Application\GameObject\Camera\FPSCamera\FPSCamera.cpp">
      <Filter>Src\Application\GameObject\Camera\FPSCamera</Filter>
    </ClCompile>
    <ClCompile Include="Src\Application\Scene\SceneManager.cpp">
      <Filter>Src\Application\Scene</Filter>
    </ClCompile>
    <ClCompile Include="Src\Application\Scene\TitleScene\TitleScene.cpp">
      <Filter>Src\Application\Scene\TitleScene</Filter>
    </ClCompile>
    <ClCompile Include="Src\Application\Scene\GameScene\GameScene.cpp">
      <Filter>Src\Application\Scene\GameScene</Filter>
    </ClCompile>
    <ClCompile Include="Src\Application\Scene\BaseScene\BaseScene.cpp">
      <Filter>Src\Application\Scene\BaseScene</Filter>
    </ClCompile>
    <ClCompile Include="Src\Framework\Utility\KdDebugGUI.cpp">
      <Filter>Src\Framework\Utility</Filter>
    </ClCompile>
    <ClCompile Include="Src\Framework\Json\Json.cpp">
      <Filter>Src\Framework\Json</Filter>
    </ClCompile>
    <ClCompile Include="Src\Framework\ImGuiManager\ImGuiManager.cpp">
      <Filter>Src\Framework\ImGuiManager</Filter>
    </ClCompile>
    <ClCompile Include="Src\Application\GameObject\SkySphere\SkySphere.cpp">
      <Filter>Src\Application\GameObject\SkySphere</Filter>
    </ClCompile>
    <ClCompile Include="Src\Framework\Utility\KdDebugWireFrame.cpp">
      <Filter>Src\Framework\Utility</Filter>
    </ClCompile>
    <ClCompile Include="Src\Application\GameObject\Character\Player\Player.cpp">
      <Filter>Src\Application\GameObject\Character\Player</Filter>
    </ClCompile>
    <ClCompile Include="Src\Application\GameObject\Character\CharacterBase.cpp">
      <Filter>Src\Application\GameObject\Character</Filter>
    </ClCompile>
    <ClCompile Include="Src\Application\GameObject\Weapon\Katana\Katana.cpp">
      <Filter>Src\Application\GameObject\Weapon\Katana</Filter>
    </ClCompile>
    <ClCompile Include="Src\Application\GameObject\Weapon\WeaponBase.cpp">
      <Filter>Src\Application\GameObject\Weapon</Filter>
    </ClCompile>
    <ClCompile Include="Src\MyFramework\State\StateManager\StateManager.cpp">
      <Filter>Src\MyFramework\State\StateManager</Filter>
    </ClCompile>
    <ClCompile Include="Src\Application\GameObject\Character\Player\PlayerState\PlayerState_Run\PlayerState_Run.cpp">
      <Filter>Src\Application\GameObject\Character\Player\State\PlayerState_Run</Filter>
    </ClCompile>
    <ClCompile Include="Src\Application\GameObject\Character\Player\PlayerState\PlayerState_Idle\PlayerState_Idle.cpp">
      <Filter>Src\Application\GameObject\Character\Player\State\PlayerState_Idle</Filter>
    </ClCompile>
    <ClCompile Include="Src\Application\GameObject\Camera\PlayerCamera\PlayerCamera.cpp">
      <Filter>Src\Application\GameObject\Camera\PlayerCamera</Filter>
    </ClCompile>
    <ClCompile Include="Src\Application\GameObject\HUD\NormalUI\NormalUI.cpp">
      <Filter>Src\Application\GameObject\HUD\NormalUI</Filter>
    </ClCompile>
    <ClCompile Include="Src\Application\GameObject\Character\Player\PlayerState\PlayerState_Attack\PlayerState_Attack.cpp">
      <Filter>Src\Application\GameObject\Character\Player\State\PlayerState_Attack</Filter>
    </ClCompile>
    <ClCompile Include="Src\Application\GameObject\Character\Player\PlayerState\PlayerState_Attack1\PlayerState_Attack1.cpp">
      <Filter>Src\Application\GameObject\Character\Player\State\PlayerState_Attack1</Filter>
    </ClCompile>
    <ClCompile Include="Src\Application\GameObject\Character\Player\PlayerState\PlayerState_Attack2\PlayerState_Attack2.cpp">
      <Filter>Src\Application\GameObject\Character\Player\State\PlayerState_Attack2</Filter>
    </ClCompile>
    <ClCompile Include="Src\Application\GameObject\Character\Enemy\Enemy.cpp">
      <Filter>Src\Application\GameObject\Character\Enemy</Filter>
    </ClCompile>
    <ClCompile Include="Src\Application\GameObject\Character\Enemy\EnemyState\EnemyState_Idle\EnemyState_Idle.cpp">
      <Filter>Src\Application\GameObject\Character\Enemy\EnemyState\EnemyState_Idle</Filter>
    </ClCompile>
    <ClCompile Include="Src\Application\GameObject\Character\Enemy\EnemyState\EnemyState_Run\EnemyState_Run.cpp">
      <Filter>Src\Application\GameObject\Character\Enemy\EnemyState\EnemyState_Run</Filter>
    </ClCompile>
    <ClCompile Include="Src\Application\GameObject\Character\Enemy\EnemyState\EnemyState_Attack\EnemyState_Attack.cpp">
      <Filter>Src\Application\GameObject\Character\Enemy\EnemyState\EnemyState_Attack</Filter>
    </ClCompile>
    <ClCompile Include="Src\Application\GameObject\Character\Enemy\EnemyState\EnemyState_Attack1\EnemyState_Attack1.cpp">
      <Filter>Src\Application\GameObject\Character\Enemy\EnemyState\EnemyState_Attack1</Filter>
    </ClCompile>
    <ClCompile Include="Src\Application\GameObject\Character\Enemy\EnemyState\EnemyState_Attack2\EnemyState_Attack2.cpp">
      <Filter>Src\Application\GameObject\Character\Enemy\EnemyState\EnemyState_Attack2</Filter>
    </ClCompile>
    <ClCompile Include="Src\Application\GameObject\HUD\AlpfaMoving\AlpfaMoving.cpp">
      <Filter>Src\Application\GameObject\HUD\AlpfaMoving</Filter>
    </ClCompile>
    <ClCompile Include="Src\Application\GameObject\Character\Player\PlayerState\PlayerState_ChargeAttack\PlayerState_ChargeAttack.cpp">
      <Filter>Src\Application\GameObject\Character\Player\State\PlayerState_ChargeAttack</Filter>
    </ClCompile>
    <ClCompile Include="Src\Application\GameObject\Character\Player\PlayerState\PlayerState_BackWordAvoid\PlayerState_BackWordAvoid.cpp">
      <Filter>Src\Application\GameObject\Character\Player\State\PlayerState_BackWordAvoid</Filter>
    </ClCompile>
    <ClCompile Include="Src\Application\GameObject\Character\Player\PlayerState\PlayerState_FowardAvoid\PlayerState_FowardAvoid.cpp">
      <Filter>Src\Application\GameObject\Character\Player\State\PlayerState_FowardAvoid</Filter>
    </ClCompile>
    <ClCompile Include="Src\Application\GameObject\HUD\ScaleMoving\ScaleMoving.cpp">
      <Filter>Src\Application\GameObject\HUD\ScaleMoving</Filter>
    </ClCompile>
    <ClCompile Include="Src\Application\GameObject\HUD\Scoring\Scoring.cpp">
      <Filter>Src\Application\GameObject\HUD\Scoring</Filter>
    </ClCompile>
    <ClCompile Include="Src\Application\GameObject\Map\Map.cpp">
      <Filter>Src\Application\GameObject\Map</Filter>
    </ClCompile>
    <ClCompile Include="Src\Application\GameObject\HUD\Timer\Timer.cpp">
      <Filter>Src\Application\GameObject\HUD\Timer</Filter>
    </ClCompile>
    <ClCompile Include="Src\Application\GameObject\HUD\HpBar\HpBar.cpp">
      <Filter>Src\Application\GameObject\HUD\HpBar</Filter>
    </ClCompile>
    <ClCompile Include="Src\Application\GameObject\HUD\Number\NumBer.cpp">
      <Filter>Src\Application\GameObject\HUD\Number</Filter>
    </ClCompile>
    <ClCompile Include="Src\Application\GameObject\HUD\NowHp\NowHp.cpp">
      <Filter>Src\Application\GameObject\HUD\NowHp</Filter>
    </ClCompile>
    <ClCompile Include="Src\Application\GameObject\HUD\SpecialMove\SpecialMove.cpp">
      <Filter>Src\Application\GameObject\HUD\SpecialMove</Filter>
    </ClCompile>
    <ClCompile Include="Src\Application\GameObject\Winner\Winner.cpp">
      <Filter>Src\Application\GameObject\Winner</Filter>
    </ClCompile>
    <ClCompile Include="Src\Application\Scene\ResultScene\ResultScene.cpp">
      <Filter>Src\Application\Scene\Result</Filter>
    </ClCompile>
  </ItemGroup>
  <ItemGroup>
    <None Include="Src\Framework\Shader\inc_KdCommon.hlsli">
      <Filter>Src\Framework\Shader</Filter>
    </None>
    <None Include="Src\Framework\Shader\SpriteShader\inc_KdSpriteShader.hlsli">
      <Filter>Src\Framework\Shader\SpriteShader</Filter>
    </None>
    <None Include="Src\Framework\Shader\PostProcessShader\inc_KdPostProcessShader.hlsli">
      <Filter>Src\Framework\Shader\PostProcessShader</Filter>
    </None>
    <None Include="Src\Framework\Shader\StandardShader\inc_KdStandardShader.hlsli">
      <Filter>Src\Framework\Shader\StandardShader</Filter>
    </None>
  </ItemGroup>
  <ItemGroup>
    <FxCompile Include="Src\Framework\Shader\SpriteShader\KdSpriteShader_PS.hlsl">
      <Filter>Src\Framework\Shader\SpriteShader</Filter>
    </FxCompile>
    <FxCompile Include="Src\Framework\Shader\SpriteShader\KdSpriteShader_VS.hlsl">
      <Filter>Src\Framework\Shader\SpriteShader</Filter>
    </FxCompile>
    <FxCompile Include="Src\Framework\Shader\PostProcessShader\KdPostProcessShader_PS_Blur.hlsl">
      <Filter>Src\Framework\Shader\PostProcessShader</Filter>
    </FxCompile>
    <FxCompile Include="Src\Framework\Shader\PostProcessShader\KdPostProcessShader_VS.hlsl">
      <Filter>Src\Framework\Shader\PostProcessShader</Filter>
    </FxCompile>
    <FxCompile Include="Src\Framework\Shader\PostProcessShader\KdPostProcessShader_PS_DoF.hlsl">
      <Filter>Src\Framework\Shader\PostProcessShader</Filter>
    </FxCompile>
    <FxCompile Include="Src\Framework\Shader\PostProcessShader\KdPostProcessShader_PS_Bright.hlsl">
      <Filter>Src\Framework\Shader\PostProcessShader</Filter>
    </FxCompile>
    <FxCompile Include="Src\Framework\Shader\StandardShader\KdStandardShader_PS_GenDepthMapFromLight.hlsl">
      <Filter>Src\Framework\Shader\StandardShader</Filter>
    </FxCompile>
    <FxCompile Include="Src\Framework\Shader\StandardShader\KdStandardShader_PS_Lit.hlsl">
      <Filter>Src\Framework\Shader\StandardShader</Filter>
    </FxCompile>
    <FxCompile Include="Src\Framework\Shader\StandardShader\KdStandardShader_PS_UnLit.hlsl">
      <Filter>Src\Framework\Shader\StandardShader</Filter>
    </FxCompile>
    <FxCompile Include="Src\Framework\Shader\StandardShader\KdStandardShader_VS_GenDepthMapFromLight.hlsl">
      <Filter>Src\Framework\Shader\StandardShader</Filter>
    </FxCompile>
    <FxCompile Include="Src\Framework\Shader\StandardShader\KdStandardShader_VS_Lit.hlsl">
      <Filter>Src\Framework\Shader\StandardShader</Filter>
    </FxCompile>
    <FxCompile Include="Src\Framework\Shader\StandardShader\KdStandardShader_VS_UnLit.hlsl">
      <Filter>Src\Framework\Shader\StandardShader</Filter>
    </FxCompile>
    <FxCompile Include="Src\Framework\Shader\StandardShader\PS_Toon.hlsl">
      <Filter>Src\Framework\Shader\StandardShader</Filter>
    </FxCompile>
    <FxCompile Include="Src\Framework\Shader\PostProcessShader\PS_Noise.hlsl">
      <Filter>Src\Framework\Shader\PostProcessShader</Filter>
    </FxCompile>
    <FxCompile Include="Src\Framework\Shader\StandardShader\PS_Gradation.hlsl">
      <Filter>Src\Framework\Shader\StandardShader</Filter>
    </FxCompile>
    <FxCompile Include="Src\Framework\Shader\StandardShader\PS_GrayScale.hlsl">
      <Filter>Src\Framework\Shader\StandardShader</Filter>
    </FxCompile>
  </ItemGroup>
</Project>